
Microsoft Visual Studio Solution File, Format Version 12.00
# Visual Studio Version 16
VisualStudioVersion = 16.0.28803.452
MinimumVisualStudioVersion = 10.0.40219.1
Project("{FAE04EC0-301F-11D3-BF4B-00C04F79EFBC}") = "Portia", "Portia.csproj", "{7C630930-4F89-44E4-A019-F8FA1C78909E}"
EndProject
Global
	GlobalSection(SolutionConfigurationPlatforms) = preSolution
		Debug|Any CPU = Debug|Any CPU
		Release|Any CPU = Release|Any CPU
	EndGlobalSection
	GlobalSection(ProjectConfigurationPlatforms) = postSolution
		{7C630930-4F89-44E4-A019-F8FA1C78909E}.Debug|Any CPU.ActiveCfg = Debug|Any CPU
		{7C630930-4F89-44E4-A019-F8FA1C78909E}.Debug|Any CPU.Build.0 = Debug|Any CPU
		{7C630930-4F89-44E4-A019-F8FA1C78909E}.Release|Any CPU.ActiveCfg = Release|Any CPU
		{7C630930-4F89-44E4-A019-F8FA1C78909E}.Release|Any CPU.Build.0 = Release|Any CPU
	EndGlobalSection
	GlobalSection(SolutionProperties) = preSolution
		HideSolutionNode = FALSE
	EndGlobalSection
	GlobalSection(ExtensibilityGlobals) = postSolution
		SolutionGuid = {307F9BC8-6205-41DD-9B85-7F96AA55D849}
	EndGlobalSection
EndGlobal
